<?xml version="1.0" encoding="utf-8"?>
<Project ToolsVersion="4.0" xmlns="http://schemas.microsoft.com/developer/msbuild/2003">
  <ItemGroup>
    <Filter Include="Source Files">
      <UniqueIdentifier>{4FC737F1-C7A5-4376-A066-2A32D752A2FF}</UniqueIdentifier>
      <Extensions>cpp;c;cc;cxx;def;odl;idl;hpj;bat;asm;asmx</Extensions>
    </Filter>
    <Filter Include="Header Files">
      <UniqueIdentifier>{93995380-89BD-4b04-88EB-625FBE52EBFB}</UniqueIdentifier>
      <Extensions>h;hpp;hxx;hm;inl;inc;xsd</Extensions>
    </Filter>
    <Filter Include="src">
      <UniqueIdentifier>{69683eae-c026-4165-931a-c0a1198bb21a}</UniqueIdentifier>
    </Filter>
  </ItemGroup>
  <ItemGroup>
    <ClCompile Include="stdafx.cpp">
      <Filter>Source Files</Filter>
    </ClCompile>
    <ClCompile Include="src\LinearAlgebra.cpp">
      <Filter>src</Filter>
    </ClCompile>
    <ClCompile Include="src\TriangleMesh.cpp">
      <Filter>src</Filter>
    </ClCompile>
    <ClCompile Include="src\WmlExtTriangleUtils.cpp">
      <Filter>src</Filter>
    </ClCompile>
    <ClCompile Include="src\WmlLinearSystemExt.cpp">
      <Filter>src</Filter>
    </ClCompile>
    <ClCompile Include="Bicubic-Bspline-Interpolation.cpp">
      <Filter>Source Files</Filter>
    </ClCompile>
    <ClCompile Include="GCApplication.cpp">
      <Filter>Source Files</Filter>
    </ClCompile>
    <ClCompile Include="hsTriClasses.cpp">
      <Filter>Source Files</Filter>
    </ClCompile>
    <ClCompile Include="hsSkeleton.cpp">
      <Filter>Source Files</Filter>
    </ClCompile>
    <ClCompile Include="Geometry2D.cpp">
      <Filter>Source Files</Filter>
    </ClCompile>
    <ClCompile Include="triangle.c">
      <Filter>Source Files</Filter>
    </ClCompile>
    <ClCompile Include="Deform2D.cpp">
      <Filter>Source Files</Filter>
    </ClCompile>
    <ClCompile Include="RigidMeshDeformer2D.cpp">
      <Filter>Source Files</Filter>
    </ClCompile>
  </ItemGroup>
  <ItemGroup>
    <ClInclude Include="stdafx.h">
      <Filter>Header Files</Filter>
    </ClInclude>
    <ClInclude Include="src\LinearAlgebra.h">
      <Filter>src</Filter>
    </ClInclude>
    <ClInclude Include="src\rmsdebug.h">
      <Filter>src</Filter>
    </ClInclude>
    <ClInclude Include="src\TriangleMesh.h">
      <Filter>src</Filter>
    </ClInclude>
    <ClInclude Include="src\WmlExtTriangleUtils.h">
      <Filter>src</Filter>
    </ClInclude>
    <ClInclude Include="src\WmlLinearSystemExt.h">
      <Filter>src</Filter>
    </ClInclude>
    <ClInclude Include="GCApplication.h">
      <Filter>Header Files</Filter>
    </ClInclude>
    <ClInclude Include="first.h">
      <Filter>Header Files</Filter>
    </ClInclude>
    <ClInclude Include="common.h">
      <Filter>Header Files</Filter>
    </ClInclude>
    <ClInclude Include="Geometry2D.h">
      <Filter>Header Files</Filter>
    </ClInclude>
    <ClInclude Include="triangle.h">
      <Filter>Header Files</Filter>
    </ClInclude>
    <ClInclude Include="RigidMeshDeformer2D.h">
      <Filter>Header Files</Filter>
    </ClInclude>
    <ClInclude Include="Deform2D.h">
      <Filter>Header Files</Filter>
    </ClInclude>
  </ItemGroup>
  <ItemGroup>
    <Text Include="ReadMe.txt" />
  </ItemGroup>
</Project>