
Microsoft Visual Studio Solution File, Format Version 12.00
# Visual Studio 2013
VisualStudioVersion = 12.0.30501.0
MinimumVisualStudioVersion = 10.0.40219.1
Project("{8BC9CEB8-8B4A-11D0-8D11-00A0C91BC942}") = "First", "First\First.vcxproj", "{C048DAF4-6FD7-4DFF-B9B3-8FFC9B1736C6}"
EndProject
Global
	GlobalSection(SolutionConfigurationPlatforms) = preSolution
		Debug|Win32 = Debug|Win32
		Debug|x64 = Debug|x64
		Release|Win32 = Release|Win32
		Release|x64 = Release|x64
	EndGlobalSection
	GlobalSection(ProjectConfigurationPlatforms) = postSolution
		{C048DAF4-6FD7-4DFF-B9B3-8FFC9B1736C6}.Debug|Win32.ActiveCfg = Debug|Win32
		{C048DAF4-6FD7-4DFF-B9B3-8FFC9B1736C6}.Debug|Win32.Build.0 = Debug|Win32
		{C048DAF4-6FD7-4DFF-B9B3-8FFC9B1736C6}.Debug|x64.ActiveCfg = Debug|x64
		{C048DAF4-6FD7-4DFF-B9B3-8FFC9B1736C6}.Debug|x64.Build.0 = Debug|x64
		{C048DAF4-6FD7-4DFF-B9B3-8FFC9B1736C6}.Release|Win32.ActiveCfg = Release|Win32
		{C048DAF4-6FD7-4DFF-B9B3-8FFC9B1736C6}.Release|Win32.Build.0 = Release|Win32
		{C048DAF4-6FD7-4DFF-B9B3-8FFC9B1736C6}.Release|x64.ActiveCfg = Release|x64
		{C048DAF4-6FD7-4DFF-B9B3-8FFC9B1736C6}.Release|x64.Build.0 = Release|x64
	EndGlobalSection
	GlobalSection(SolutionProperties) = preSolution
		HideSolutionNode = FALSE
	EndGlobalSection
EndGlobal
